{
  "name": "example",
  "lockfileVersion": 3,
  "requires": true,
  "packages": {
    "": {
      "dependencies": {
        "crypto-js": "3.1"
      }
    },
    "node_modules/crypto-js": {
      "version": "3.1.8",
      "resolved": "https://registry.npmjs.org/crypto-js/-/crypto-js-3.1.8.tgz",
      "integrity": "sha512-4E+PJNbUbBrzQLB9Vw86eaF5xZ8MB6dw4aaZ67YhLNduTmqJ5AziuLrYikPWHJkC59DYZp+cyj+qg3vBE8OnOQ=="
    }
  }
}
